// !$*UTF8*$!
{
	archiveVersion = 1;
	classes = {
	};
	objectVersion = 56;
	objects = {

/* Begin PBXBuildFile section */
		D712D8D02B3D72B10061A733 /* DaysOne-Regular.ttf in Resources */ = {isa = PBXBuildFile; fileRef = D712D8CF2B3D72B10061A733 /* DaysOne-Regular.ttf */; };
		D712D8D22B3D72FB0061A733 /* BackgroundUI.swift in Sources */ = {isa = PBXBuildFile; fileRef = D712D8D12B3D72FB0061A733 /* BackgroundUI.swift */; };
		D712D8E22B3EDA100061A733 /* Nunito-Black.ttf in Resources */ = {isa = PBXBuildFile; fileRef = D712D8E12B3EDA100061A733 /* Nunito-Black.ttf */; };
		D712D8E42B3EE5B30061A733 /* Nunito-Bold.ttf in Resources */ = {isa = PBXBuildFile; fileRef = D712D8E32B3EE5B30061A733 /* Nunito-Bold.ttf */; };
		D712D8E62B3EE8ED0061A733 /* ViewModifiers.swift in Sources */ = {isa = PBXBuildFile; fileRef = D712D8E52B3EE8ED0061A733 /* ViewModifiers.swift */; };
		D712D8E82B3EE8FD0061A733 /* View+Extensions.swift in Sources */ = {isa = PBXBuildFile; fileRef = D712D8E72B3EE8FD0061A733 /* View+Extensions.swift */; };
		D712D8EC2B3EFA2D0061A733 /* SheetView.swift in Sources */ = {isa = PBXBuildFile; fileRef = D712D8EB2B3EFA2D0061A733 /* SheetView.swift */; };
		D712D8EE2B3EFC840061A733 /* BaseUI.swift in Sources */ = {isa = PBXBuildFile; fileRef = D712D8ED2B3EFC840061A733 /* BaseUI.swift */; };
		D715446E2B26F60000C53089 /* MyPortfolioApp.swift in Sources */ = {isa = PBXBuildFile; fileRef = D715446D2B26F60000C53089 /* MyPortfolioApp.swift */; };
		D71544722B26F60100C53089 /* Assets.xcassets in Resources */ = {isa = PBXBuildFile; fileRef = D71544712B26F60100C53089 /* Assets.xcassets */; };
		D71544752B26F60100C53089 /* Preview Assets.xcassets in Resources */ = {isa = PBXBuildFile; fileRef = D71544742B26F60100C53089 /* Preview Assets.xcassets */; };
		D74A69682B4FED31000F7A46 /* TextQuestionView.swift in Sources */ = {isa = PBXBuildFile; fileRef = D74A69672B4FED31000F7A46 /* TextQuestionView.swift */; };
		D77936DB2B5AB85A0048E6C5 /* TextLocationView.swift in Sources */ = {isa = PBXBuildFile; fileRef = D77936DA2B5AB85A0048E6C5 /* TextLocationView.swift */; };
		D77936DD2B5AB98C0048E6C5 /* TextLanguageView.swift in Sources */ = {isa = PBXBuildFile; fileRef = D77936DC2B5AB98C0048E6C5 /* TextLanguageView.swift */; };
		D798EFC42B5B102000F490E7 /* ExperienceItemView.swift in Sources */ = {isa = PBXBuildFile; fileRef = D798EFC32B5B102000F490E7 /* ExperienceItemView.swift */; };
		D798EFC62B5B2F4B00F490E7 /* EducationGroupView.swift in Sources */ = {isa = PBXBuildFile; fileRef = D798EFC52B5B2F4B00F490E7 /* EducationGroupView.swift */; };
		D798EFC82B5B3D8500F490E7 /* CertificatesGroupView.swift in Sources */ = {isa = PBXBuildFile; fileRef = D798EFC72B5B3D8500F490E7 /* CertificatesGroupView.swift */; };
		D798EFCA2B5B404900F490E7 /* Constant.swift in Sources */ = {isa = PBXBuildFile; fileRef = D798EFC92B5B404900F490E7 /* Constant.swift */; };
		D7E5A7942B270473000C19F1 /* .swiftlint.yml in Resources */ = {isa = PBXBuildFile; fileRef = D7E5A7932B270473000C19F1 /* .swiftlint.yml */; };
		D7F463682B2715EB00F5C365 /* Color+Extensions.swift in Sources */ = {isa = PBXBuildFile; fileRef = D7F463672B2715EB00F5C365 /* Color+Extensions.swift */; };
		D7F4636C2B2718BA00F5C365 /* SplashScreen.swift in Sources */ = {isa = PBXBuildFile; fileRef = D7F4636B2B2718BA00F5C365 /* SplashScreen.swift */; };
		D7F4636E2B272CAC00F5C365 /* TabBarView.swift in Sources */ = {isa = PBXBuildFile; fileRef = D7F4636D2B272CAC00F5C365 /* TabBarView.swift */; };
		D7F463702B272CFC00F5C365 /* AboutMe.swift in Sources */ = {isa = PBXBuildFile; fileRef = D7F4636F2B272CFC00F5C365 /* AboutMe.swift */; };
		D7F463732B272D3D00F5C365 /* CareerGoals.swift in Sources */ = {isa = PBXBuildFile; fileRef = D7F463722B272D3D00F5C365 /* CareerGoals.swift */; };
		D7F463752B272D4B00F5C365 /* Education.swift in Sources */ = {isa = PBXBuildFile; fileRef = D7F463742B272D4B00F5C365 /* Education.swift */; };
		D7F463772B272D5500F5C365 /* Experience.swift in Sources */ = {isa = PBXBuildFile; fileRef = D7F463762B272D5500F5C365 /* Experience.swift */; };
		D7F463792B272D6000F5C365 /* Passions.swift in Sources */ = {isa = PBXBuildFile; fileRef = D7F463782B272D6000F5C365 /* Passions.swift */; };
/* End PBXBuildFile section */

/* Begin PBXFileReference section */
		D712D8CC2B3D70D00061A733 /* Info.plist */ = {isa = PBXFileReference; lastKnownFileType = text.plist; path = Info.plist; sourceTree = "<group>"; };
		D712D8CF2B3D72B10061A733 /* DaysOne-Regular.ttf */ = {isa = PBXFileReference; lastKnownFileType = file; path = "DaysOne-Regular.ttf"; sourceTree = "<group>"; };
		D712D8D12B3D72FB0061A733 /* BackgroundUI.swift */ = {isa = PBXFileReference; lastKnownFileType = sourcecode.swift; path = BackgroundUI.swift; sourceTree = "<group>"; };
		D712D8E12B3EDA100061A733 /* Nunito-Black.ttf */ = {isa = PBXFileReference; lastKnownFileType = file; path = "Nunito-Black.ttf"; sourceTree = "<group>"; };
		D712D8E32B3EE5B30061A733 /* Nunito-Bold.ttf */ = {isa = PBXFileReference; lastKnownFileType = file; path = "Nunito-Bold.ttf"; sourceTree = "<group>"; };
		D712D8E52B3EE8ED0061A733 /* ViewModifiers.swift */ = {isa = PBXFileReference; lastKnownFileType = sourcecode.swift; path = ViewModifiers.swift; sourceTree = "<group>"; };
		D712D8E72B3EE8FD0061A733 /* View+Extensions.swift */ = {isa = PBXFileReference; lastKnownFileType = sourcecode.swift; path = "View+Extensions.swift"; sourceTree = "<group>"; };
		D712D8EB2B3EFA2D0061A733 /* SheetView.swift */ = {isa = PBXFileReference; lastKnownFileType = sourcecode.swift; path = SheetView.swift; sourceTree = "<group>"; };
		D712D8ED2B3EFC840061A733 /* BaseUI.swift */ = {isa = PBXFileReference; lastKnownFileType = sourcecode.swift; path = BaseUI.swift; sourceTree = "<group>"; };
		D715446A2B26F60000C53089 /* MyPortfolio.app */ = {isa = PBXFileReference; explicitFileType = wrapper.application; includeInIndex = 0; path = MyPortfolio.app; sourceTree = BUILT_PRODUCTS_DIR; };
		D715446D2B26F60000C53089 /* MyPortfolioApp.swift */ = {isa = PBXFileReference; lastKnownFileType = sourcecode.swift; path = MyPortfolioApp.swift; sourceTree = "<group>"; };
		D71544712B26F60100C53089 /* Assets.xcassets */ = {isa = PBXFileReference; lastKnownFileType = folder.assetcatalog; path = Assets.xcassets; sourceTree = "<group>"; };
		D71544742B26F60100C53089 /* Preview Assets.xcassets */ = {isa = PBXFileReference; lastKnownFileType = folder.assetcatalog; path = "Preview Assets.xcassets"; sourceTree = "<group>"; };
		D74A69672B4FED31000F7A46 /* TextQuestionView.swift */ = {isa = PBXFileReference; lastKnownFileType = sourcecode.swift; path = TextQuestionView.swift; sourceTree = "<group>"; };
		D77936DA2B5AB85A0048E6C5 /* TextLocationView.swift */ = {isa = PBXFileReference; lastKnownFileType = sourcecode.swift; path = TextLocationView.swift; sourceTree = "<group>"; };
		D77936DC2B5AB98C0048E6C5 /* TextLanguageView.swift */ = {isa = PBXFileReference; lastKnownFileType = sourcecode.swift; path = TextLanguageView.swift; sourceTree = "<group>"; };
		D798EFC32B5B102000F490E7 /* ExperienceItemView.swift */ = {isa = PBXFileReference; lastKnownFileType = sourcecode.swift; path = ExperienceItemView.swift; sourceTree = "<group>"; };
		D798EFC52B5B2F4B00F490E7 /* EducationGroupView.swift */ = {isa = PBXFileReference; lastKnownFileType = sourcecode.swift; path = EducationGroupView.swift; sourceTree = "<group>"; };
		D798EFC72B5B3D8500F490E7 /* CertificatesGroupView.swift */ = {isa = PBXFileReference; lastKnownFileType = sourcecode.swift; path = CertificatesGroupView.swift; sourceTree = "<group>"; };
		D798EFC92B5B404900F490E7 /* Constant.swift */ = {isa = PBXFileReference; lastKnownFileType = sourcecode.swift; path = Constant.swift; sourceTree = "<group>"; };
		D7E5A7932B270473000C19F1 /* .swiftlint.yml */ = {isa = PBXFileReference; lastKnownFileType = text.yaml; path = .swiftlint.yml; sourceTree = "<group>"; };
		D7F463672B2715EB00F5C365 /* Color+Extensions.swift */ = {isa = PBXFileReference; lastKnownFileType = sourcecode.swift; path = "Color+Extensions.swift"; sourceTree = "<group>"; };
		D7F4636B2B2718BA00F5C365 /* SplashScreen.swift */ = {isa = PBXFileReference; lastKnownFileType = sourcecode.swift; path = SplashScreen.swift; sourceTree = "<group>"; };
		D7F4636D2B272CAC00F5C365 /* TabBarView.swift */ = {isa = PBXFileReference; lastKnownFileType = sourcecode.swift; path = TabBarView.swift; sourceTree = "<group>"; };
		D7F4636F2B272CFC00F5C365 /* AboutMe.swift */ = {isa = PBXFileReference; lastKnownFileType = sourcecode.swift; path = AboutMe.swift; sourceTree = "<group>"; };
		D7F463722B272D3D00F5C365 /* CareerGoals.swift */ = {isa = PBXFileReference; lastKnownFileType = sourcecode.swift; path = CareerGoals.swift; sourceTree = "<group>"; };
		D7F463742B272D4B00F5C365 /* Education.swift */ = {isa = PBXFileReference; lastKnownFileType = sourcecode.swift; path = Education.swift; sourceTree = "<group>"; };
		D7F463762B272D5500F5C365 /* Experience.swift */ = {isa = PBXFileReference; lastKnownFileType = sourcecode.swift; path = Experience.swift; sourceTree = "<group>"; };
		D7F463782B272D6000F5C365 /* Passions.swift */ = {isa = PBXFileReference; lastKnownFileType = sourcecode.swift; path = Passions.swift; sourceTree = "<group>"; };
/* End PBXFileReference section */

/* Begin PBXFrameworksBuildPhase section */
		D71544672B26F60000C53089 /* Frameworks */ = {
			isa = PBXFrameworksBuildPhase;
			buildActionMask = 2147483647;
			files = (
			);
			runOnlyForDeploymentPostprocessing = 0;
		};
/* End PBXFrameworksBuildPhase section */

/* Begin PBXGroup section */
		D712D8C72B3D6FEB0061A733 /* Fonts */ = {
			isa = PBXGroup;
			children = (
				D712D8CF2B3D72B10061A733 /* DaysOne-Regular.ttf */,
				D712D8E32B3EE5B30061A733 /* Nunito-Bold.ttf */,
				D712D8E12B3EDA100061A733 /* Nunito-Black.ttf */,
			);
			path = Fonts;
			sourceTree = "<group>";
		};
		D71544612B26F60000C53089 = {
			isa = PBXGroup;
			children = (
				D7E5A7932B270473000C19F1 /* .swiftlint.yml */,
				D715446C2B26F60000C53089 /* MyPortfolio */,
				D715446B2B26F60000C53089 /* Products */,
			);
			sourceTree = "<group>";
		};
		D715446B2B26F60000C53089 /* Products */ = {
			isa = PBXGroup;
			children = (
				D715446A2B26F60000C53089 /* MyPortfolio.app */,
			);
			name = Products;
			sourceTree = "<group>";
		};
		D715446C2B26F60000C53089 /* MyPortfolio */ = {
			isa = PBXGroup;
			children = (
				D712D8CC2B3D70D00061A733 /* Info.plist */,
				D712D8C72B3D6FEB0061A733 /* Fonts */,
				D7F463712B272D2500F5C365 /* Views */,
				D7F463662B2715CB00F5C365 /* Helpers */,
				D7F463652B2715AD00F5C365 /* App */,
				D71544712B26F60100C53089 /* Assets.xcassets */,
				D71544732B26F60100C53089 /* Preview Content */,
			);
			path = MyPortfolio;
			sourceTree = "<group>";
		};
		D71544732B26F60100C53089 /* Preview Content */ = {
			isa = PBXGroup;
			children = (
				D71544742B26F60100C53089 /* Preview Assets.xcassets */,
			);
			path = "Preview Content";
			sourceTree = "<group>";
		};
		D7F463652B2715AD00F5C365 /* App */ = {
			isa = PBXGroup;
			children = (
				D715446D2B26F60000C53089 /* MyPortfolioApp.swift */,
				D7F4636B2B2718BA00F5C365 /* SplashScreen.swift */,
				D7F4636D2B272CAC00F5C365 /* TabBarView.swift */,
				D798EFC92B5B404900F490E7 /* Constant.swift */,
			);
			path = App;
			sourceTree = "<group>";
		};
		D7F463662B2715CB00F5C365 /* Helpers */ = {
			isa = PBXGroup;
			children = (
				D7F463672B2715EB00F5C365 /* Color+Extensions.swift */,
				D712D8D12B3D72FB0061A733 /* BackgroundUI.swift */,
				D712D8E52B3EE8ED0061A733 /* ViewModifiers.swift */,
				D712D8E72B3EE8FD0061A733 /* View+Extensions.swift */,
				D712D8EB2B3EFA2D0061A733 /* SheetView.swift */,
				D712D8ED2B3EFC840061A733 /* BaseUI.swift */,
				D74A69672B4FED31000F7A46 /* TextQuestionView.swift */,
				D77936DA2B5AB85A0048E6C5 /* TextLocationView.swift */,
				D77936DC2B5AB98C0048E6C5 /* TextLanguageView.swift */,
				D798EFC32B5B102000F490E7 /* ExperienceItemView.swift */,
			);
			path = Helpers;
			sourceTree = "<group>";
		};
		D7F463712B272D2500F5C365 /* Views */ = {
			isa = PBXGroup;
			children = (
				D7F4636F2B272CFC00F5C365 /* AboutMe.swift */,
				D7F463782B272D6000F5C365 /* Passions.swift */,
				D7F463722B272D3D00F5C365 /* CareerGoals.swift */,
				D7F463742B272D4B00F5C365 /* Education.swift */,
				D798EFC52B5B2F4B00F490E7 /* EducationGroupView.swift */,
				D7F463762B272D5500F5C365 /* Experience.swift */,
				D798EFC72B5B3D8500F490E7 /* CertificatesGroupView.swift */,
			);
			path = Views;
			sourceTree = "<group>";
		};
/* End PBXGroup section */

/* Begin PBXNativeTarget section */
		D71544692B26F60000C53089 /* MyPortfolio */ = {
			isa = PBXNativeTarget;
			buildConfigurationList = D71544782B26F60100C53089 /* Build configuration list for PBXNativeTarget "MyPortfolio" */;
			buildPhases = (
				D71544662B26F60000C53089 /* Sources */,
				D71544672B26F60000C53089 /* Frameworks */,
				D71544682B26F60000C53089 /* Resources */,
				D7E5A7922B270432000C19F1 /* ShellScript */,
			);
			buildRules = (
			);
			dependencies = (
			);
			name = MyPortfolio;
			productName = MyPortfolio;
			productReference = D715446A2B26F60000C53089 /* MyPortfolio.app */;
			productType = "com.apple.product-type.application";
		};
/* End PBXNativeTarget section */

/* Begin PBXProject section */
		D71544622B26F60000C53089 /* Project object */ = {
			isa = PBXProject;
			attributes = {
				BuildIndependentTargetsInParallel = 1;
				LastSwiftUpdateCheck = 1420;
				LastUpgradeCheck = 1420;
				TargetAttributes = {
					D71544692B26F60000C53089 = {
						CreatedOnToolsVersion = 14.2;
					};
				};
			};
			buildConfigurationList = D71544652B26F60000C53089 /* Build configuration list for PBXProject "MyPortfolio" */;
			compatibilityVersion = "Xcode 14.0";
			developmentRegion = en;
			hasScannedForEncodings = 0;
			knownRegions = (
				en,
				Base,
			);
			mainGroup = D71544612B26F60000C53089;
			packageReferences = (
				D7E5A7912B270417000C19F1 /* XCRemoteSwiftPackageReference "SwiftLint" */,
			);
			productRefGroup = D715446B2B26F60000C53089 /* Products */;
			projectDirPath = "";
			projectRoot = "";
			targets = (
				D71544692B26F60000C53089 /* MyPortfolio */,
			);
		};
/* End PBXProject section */

/* Begin PBXResourcesBuildPhase section */
		D71544682B26F60000C53089 /* Resources */ = {
			isa = PBXResourcesBuildPhase;
			buildActionMask = 2147483647;
			files = (
				D7E5A7942B270473000C19F1 /* .swiftlint.yml in Resources */,
				D712D8E22B3EDA100061A733 /* Nunito-Black.ttf in Resources */,
				D71544752B26F60100C53089 /* Preview Assets.xcassets in Resources */,
				D712D8D02B3D72B10061A733 /* DaysOne-Regular.ttf in Resources */,
				D712D8E42B3EE5B30061A733 /* Nunito-Bold.ttf in Resources */,
				D71544722B26F60100C53089 /* Assets.xcassets in Resources */,
			);
			runOnlyForDeploymentPostprocessing = 0;
		};
/* End PBXResourcesBuildPhase section */

/* Begin PBXShellScriptBuildPhase section */
		D7E5A7922B270432000C19F1 /* ShellScript */ = {
			isa = PBXShellScriptBuildPhase;
			alwaysOutOfDate = 1;
			buildActionMask = 2147483647;
			files = (
			);
			inputFileListPaths = (
			);
			inputPaths = (
			);
			outputFileListPaths = (
			);
			outputPaths = (
			);
			runOnlyForDeploymentPostprocessing = 0;
			shellPath = /bin/sh;
			shellScript = "# Type a script or drag a script file from your workspace to insert its path.\n\nif which swiftlint >/dev/null; then\n    swiftlint\nelse\n    echo \"warning: SwiftLint not installed, download from https://github.com/realm/SwiftLint\"\nfi\n";
		};
/* End PBXShellScriptBuildPhase section */

/* Begin PBXSourcesBuildPhase section */
		D71544662B26F60000C53089 /* Sources */ = {
			isa = PBXSourcesBuildPhase;
			buildActionMask = 2147483647;
			files = (
				D712D8D22B3D72FB0061A733 /* BackgroundUI.swift in Sources */,
				D7F4636C2B2718BA00F5C365 /* SplashScreen.swift in Sources */,
				D7F463702B272CFC00F5C365 /* AboutMe.swift in Sources */,
				D7F463772B272D5500F5C365 /* Experience.swift in Sources */,
				D715446E2B26F60000C53089 /* MyPortfolioApp.swift in Sources */,
				D712D8EC2B3EFA2D0061A733 /* SheetView.swift in Sources */,
				D7F463792B272D6000F5C365 /* Passions.swift in Sources */,
				D7F4636E2B272CAC00F5C365 /* TabBarView.swift in Sources */,
				D7F463732B272D3D00F5C365 /* CareerGoals.swift in Sources */,
				D7F463752B272D4B00F5C365 /* Education.swift in Sources */,
				D77936DD2B5AB98C0048E6C5 /* TextLanguageView.swift in Sources */,
				D798EFCA2B5B404900F490E7 /* Constant.swift in Sources */,
				D77936DB2B5AB85A0048E6C5 /* TextLocationView.swift in Sources */,
				D798EFC42B5B102000F490E7 /* ExperienceItemView.swift in Sources */,
				D74A69682B4FED31000F7A46 /* TextQuestionView.swift in Sources */,
				D798EFC82B5B3D8500F490E7 /* CertificatesGroupView.swift in Sources */,
				D712D8E62B3EE8ED0061A733 /* ViewModifiers.swift in Sources */,
				D712D8E82B3EE8FD0061A733 /* View+Extensions.swift in Sources */,
				D712D8EE2B3EFC840061A733 /* BaseUI.swift in Sources */,
				D7F463682B2715EB00F5C365 /* Color+Extensions.swift in Sources */,
				D798EFC62B5B2F4B00F490E7 /* EducationGroupView.swift in Sources */,
			);
			runOnlyForDeploymentPostprocessing = 0;
		};
/* End PBXSourcesBuildPhase section */

/* Begin XCBuildConfiguration section */
		D71544762B26F60100C53089 /* Debug */ = {
			isa = XCBuildConfiguration;
			buildSettings = {
				ALWAYS_SEARCH_USER_PATHS = NO;
				CLANG_ANALYZER_NONNULL = YES;
				CLANG_ANALYZER_NUMBER_OBJECT_CONVERSION = YES_AGGRESSIVE;
				CLANG_CXX_LANGUAGE_STANDARD = "gnu++20";
				CLANG_ENABLE_MODULES = YES;
				CLANG_ENABLE_OBJC_ARC = YES;
				CLANG_ENABLE_OBJC_WEAK = YES;
				CLANG_WARN_BLOCK_CAPTURE_AUTORELEASING = YES;
				CLANG_WARN_BOOL_CONVERSION = YES;
				CLANG_WARN_COMMA = YES;
				CLANG_WARN_CONSTANT_CONVERSION = YES;
				CLANG_WARN_DEPRECATED_OBJC_IMPLEMENTATIONS = YES;
				CLANG_WARN_DIRECT_OBJC_ISA_USAGE = YES_ERROR;
				CLANG_WARN_DOCUMENTATION_COMMENTS = YES;
				CLANG_WARN_EMPTY_BODY = YES;
				CLANG_WARN_ENUM_CONVERSION = YES;
				CLANG_WARN_INFINITE_RECURSION = YES;
				CLANG_WARN_INT_CONVERSION = YES;
				CLANG_WARN_NON_LITERAL_NULL_CONVERSION = YES;
				CLANG_WARN_OBJC_IMPLICIT_RETAIN_SELF = YES;
				CLANG_WARN_OBJC_LITERAL_CONVERSION = YES;
				CLANG_WARN_OBJC_ROOT_CLASS = YES_ERROR;
				CLANG_WARN_QUOTED_INCLUDE_IN_FRAMEWORK_HEADER = YES;
				CLANG_WARN_RANGE_LOOP_ANALYSIS = YES;
				CLANG_WARN_STRICT_PROTOTYPES = YES;
				CLANG_WARN_SUSPICIOUS_MOVE = YES;
				CLANG_WARN_UNGUARDED_AVAILABILITY = YES_AGGRESSIVE;
				CLANG_WARN_UNREACHABLE_CODE = YES;
				CLANG_WARN__DUPLICATE_METHOD_MATCH = YES;
				COPY_PHASE_STRIP = NO;
				DEBUG_INFORMATION_FORMAT = dwarf;
				ENABLE_STRICT_OBJC_MSGSEND = YES;
				ENABLE_TESTABILITY = YES;
				GCC_C_LANGUAGE_STANDARD = gnu11;
				GCC_DYNAMIC_NO_PIC = NO;
				GCC_NO_COMMON_BLOCKS = YES;
				GCC_OPTIMIZATION_LEVEL = 0;
				GCC_PREPROCESSOR_DEFINITIONS = (
					"DEBUG=1",
					"$(inherited)",
				);
				GCC_WARN_64_TO_32_BIT_CONVERSION = YES;
				GCC_WARN_ABOUT_RETURN_TYPE = YES_ERROR;
				GCC_WARN_UNDECLARED_SELECTOR = YES;
				GCC_WARN_UNINITIALIZED_AUTOS = YES_AGGRESSIVE;
				GCC_WARN_UNUSED_FUNCTION = YES;
				GCC_WARN_UNUSED_VARIABLE = YES;
				IPHONEOS_DEPLOYMENT_TARGET = 16.2;
				MTL_ENABLE_DEBUG_INFO = INCLUDE_SOURCE;
				MTL_FAST_MATH = YES;
				ONLY_ACTIVE_ARCH = YES;
				SDKROOT = iphoneos;
				SWIFT_ACTIVE_COMPILATION_CONDITIONS = DEBUG;
				SWIFT_OPTIMIZATION_LEVEL = "-Onone";
			};
			name = Debug;
		};
		D71544772B26F60100C53089 /* Release */ = {
			isa = XCBuildConfiguration;
			buildSettings = {
				ALWAYS_SEARCH_USER_PATHS = NO;
				CLANG_ANALYZER_NONNULL = YES;
				CLANG_ANALYZER_NUMBER_OBJECT_CONVERSION = YES_AGGRESSIVE;
				CLANG_CXX_LANGUAGE_STANDARD = "gnu++20";
				CLANG_ENABLE_MODULES = YES;
				CLANG_ENABLE_OBJC_ARC = YES;
				CLANG_ENABLE_OBJC_WEAK = YES;
				CLANG_WARN_BLOCK_CAPTURE_AUTORELEASING = YES;
				CLANG_WARN_BOOL_CONVERSION = YES;
				CLANG_WARN_COMMA = YES;
				CLANG_WARN_CONSTANT_CONVERSION = YES;
				CLANG_WARN_DEPRECATED_OBJC_IMPLEMENTATIONS = YES;
				CLANG_WARN_DIRECT_OBJC_ISA_USAGE = YES_ERROR;
				CLANG_WARN_DOCUMENTATION_COMMENTS = YES;
				CLANG_WARN_EMPTY_BODY = YES;
				CLANG_WARN_ENUM_CONVERSION = YES;
				CLANG_WARN_INFINITE_RECURSION = YES;
				CLANG_WARN_INT_CONVERSION = YES;
				CLANG_WARN_NON_LITERAL_NULL_CONVERSION = YES;
				CLANG_WARN_OBJC_IMPLICIT_RETAIN_SELF = YES;
				CLANG_WARN_OBJC_LITERAL_CONVERSION = YES;
				CLANG_WARN_OBJC_ROOT_CLASS = YES_ERROR;
				CLANG_WARN_QUOTED_INCLUDE_IN_FRAMEWORK_HEADER = YES;
				CLANG_WARN_RANGE_LOOP_ANALYSIS = YES;
				CLANG_WARN_STRICT_PROTOTYPES = YES;
				CLANG_WARN_SUSPICIOUS_MOVE = YES;
				CLANG_WARN_UNGUARDED_AVAILABILITY = YES_AGGRESSIVE;
				CLANG_WARN_UNREACHABLE_CODE = YES;
				CLANG_WARN__DUPLICATE_METHOD_MATCH = YES;
				COPY_PHASE_STRIP = NO;
				DEBUG_INFORMATION_FORMAT = "dwarf-with-dsym";
				ENABLE_NS_ASSERTIONS = NO;
				ENABLE_STRICT_OBJC_MSGSEND = YES;
				GCC_C_LANGUAGE_STANDARD = gnu11;
				GCC_NO_COMMON_BLOCKS = YES;
				GCC_WARN_64_TO_32_BIT_CONVERSION = YES;
				GCC_WARN_ABOUT_RETURN_TYPE = YES_ERROR;
				GCC_WARN_UNDECLARED_SELECTOR = YES;
				GCC_WARN_UNINITIALIZED_AUTOS = YES_AGGRESSIVE;
				GCC_WARN_UNUSED_FUNCTION = YES;
				GCC_WARN_UNUSED_VARIABLE = YES;
				IPHONEOS_DEPLOYMENT_TARGET = 16.2;
				MTL_ENABLE_DEBUG_INFO = NO;
				MTL_FAST_MATH = YES;
				SDKROOT = iphoneos;
				SWIFT_COMPILATION_MODE = wholemodule;
				SWIFT_OPTIMIZATION_LEVEL = "-O";
				VALIDATE_PRODUCT = YES;
			};
			name = Release;
		};
		D71544792B26F60100C53089 /* Debug */ = {
			isa = XCBuildConfiguration;
			buildSettings = {
				ASSETCATALOG_COMPILER_APPICON_NAME = AppIcon;
				ASSETCATALOG_COMPILER_GLOBAL_ACCENT_COLOR_NAME = AccentColor;
				CODE_SIGN_STYLE = Automatic;
				CURRENT_PROJECT_VERSION = 1;
				DEVELOPMENT_ASSET_PATHS = "\"MyPortfolio/Preview Content\"";
				DEVELOPMENT_TEAM = H7NXK4YGF9;
				ENABLE_PREVIEWS = YES;
				GENERATE_INFOPLIST_FILE = YES;
				INFOPLIST_FILE = MyPortfolio/Info.plist;
				INFOPLIST_KEY_UIApplicationSceneManifest_Generation = YES;
				INFOPLIST_KEY_UIApplicationSupportsIndirectInputEvents = YES;
				INFOPLIST_KEY_UILaunchScreen_Generation = YES;
				INFOPLIST_KEY_UISupportedInterfaceOrientations_iPad = "UIInterfaceOrientationPortrait UIInterfaceOrientationPortraitUpsideDown UIInterfaceOrientationLandscapeLeft UIInterfaceOrientationLandscapeRight";
				INFOPLIST_KEY_UISupportedInterfaceOrientations_iPhone = "UIInterfaceOrientationPortrait UIInterfaceOrientationLandscapeLeft UIInterfaceOrientationLandscapeRight";
				LD_RUNPATH_SEARCH_PATHS = (
					"$(inherited)",
					"@executable_path/Frameworks",
				);
				MARKETING_VERSION = 1.0;
				PRODUCT_BUNDLE_IDENTIFIER = com.hc.MyPortfolio;
				PRODUCT_NAME = "$(TARGET_NAME)";
				SWIFT_EMIT_LOC_STRINGS = YES;
				SWIFT_VERSION = 5.0;
				TARGETED_DEVICE_FAMILY = "1,2";
			};
			name = Debug;
		};
		D715447A2B26F60100C53089 /* Release */ = {
			isa = XCBuildConfiguration;
			buildSettings = {
				ASSETCATALOG_COMPILER_APPICON_NAME = AppIcon;
				ASSETCATALOG_COMPILER_GLOBAL_ACCENT_COLOR_NAME = AccentColor;
				CODE_SIGN_STYLE = Automatic;
				CURRENT_PROJECT_VERSION = 1;
				DEVELOPMENT_ASSET_PATHS = "\"MyPortfolio/Preview Content\"";
				DEVELOPMENT_TEAM = H7NXK4YGF9;
				ENABLE_PREVIEWS = YES;
				GENERATE_INFOPLIST_FILE = YES;
				INFOPLIST_FILE = MyPortfolio/Info.plist;
				INFOPLIST_KEY_UIApplicationSceneManifest_Generation = YES;
				INFOPLIST_KEY_UIApplicationSupportsIndirectInputEvents = YES;
				INFOPLIST_KEY_UILaunchScreen_Generation = YES;
				INFOPLIST_KEY_UISupportedInterfaceOrientations_iPad = "UIInterfaceOrientationPortrait UIInterfaceOrientationPortraitUpsideDown UIInterfaceOrientationLandscapeLeft UIInterfaceOrientationLandscapeRight";
				INFOPLIST_KEY_UISupportedInterfaceOrientations_iPhone = "UIInterfaceOrientationPortrait UIInterfaceOrientationLandscapeLeft UIInterfaceOrientationLandscapeRight";
				LD_RUNPATH_SEARCH_PATHS = (
					"$(inherited)",
					"@executable_path/Frameworks",
				);
				MARKETING_VERSION = 1.0;
				PRODUCT_BUNDLE_IDENTIFIER = com.hc.MyPortfolio;
				PRODUCT_NAME = "$(TARGET_NAME)";
				SWIFT_EMIT_LOC_STRINGS = YES;
				SWIFT_VERSION = 5.0;
				TARGETED_DEVICE_FAMILY = "1,2";
			};
			name = Release;
		};
/* End XCBuildConfiguration section */

/* Begin XCConfigurationList section */
		D71544652B26F60000C53089 /* Build configuration list for PBXProject "MyPortfolio" */ = {
			isa = XCConfigurationList;
			buildConfigurations = (
				D71544762B26F60100C53089 /* Debug */,
				D71544772B26F60100C53089 /* Release */,
			);
			defaultConfigurationIsVisible = 0;
			defaultConfigurationName = Release;
		};
		D71544782B26F60100C53089 /* Build configuration list for PBXNativeTarget "MyPortfolio" */ = {
			isa = XCConfigurationList;
			buildConfigurations = (
				D71544792B26F60100C53089 /* Debug */,
				D715447A2B26F60100C53089 /* Release */,
			);
			defaultConfigurationIsVisible = 0;
			defaultConfigurationName = Release;
		};
/* End XCConfigurationList section */

/* Begin XCRemoteSwiftPackageReference section */
		D7E5A7912B270417000C19F1 /* XCRemoteSwiftPackageReference "SwiftLint" */ = {
			isa = XCRemoteSwiftPackageReference;
			repositoryURL = "https://github.com/realm/SwiftLint.git";
			requirement = {
				kind = upToNextMajorVersion;
				minimumVersion = 0.9.2;
			};
		};
/* End XCRemoteSwiftPackageReference section */
	};
	rootObject = D71544622B26F60000C53089 /* Project object */;
}
